
Microsoft Visual Studio Solution File, Format Version 12.00
# Visual Studio Version 17
VisualStudioVersion = 17.4.33122.133
MinimumVisualStudioVersion = 10.0.40219.1
Project("{FAE04EC0-301F-11D3-BF4B-00C04F79EFBC}") = "ExtensionMethods", "ExtensionMethods\ExtensionMethods.csproj", "{822F0A48-930E-4BB5-B3EF-3795E7AC64D3}"
EndProject
Global
	GlobalSection(SolutionConfigurationPlatforms) = preSolution
		Debug|Any CPU = Debug|Any CPU
		Release|Any CPU = Release|Any CPU
	EndGlobalSection
	GlobalSection(ProjectConfigurationPlatforms) = postSolution
		{822F0A48-930E-4BB5-B3EF-3795E7AC64D3}.Debug|Any CPU.ActiveCfg = Debug|Any CPU
		{822F0A48-930E-4BB5-B3EF-3795E7AC64D3}.Debug|Any CPU.Build.0 = Debug|Any CPU
		{822F0A48-930E-4BB5-B3EF-3795E7AC64D3}.Release|Any CPU.ActiveCfg = Release|Any CPU
		{822F0A48-930E-4BB5-B3EF-3795E7AC64D3}.Release|Any CPU.Build.0 = Release|Any CPU
	EndGlobalSection
	GlobalSection(SolutionProperties) = preSolution
		HideSolutionNode = FALSE
	EndGlobalSection
	GlobalSection(ExtensibilityGlobals) = postSolution
		SolutionGuid = {B217E3AD-A2E5-4E21-A75B-EB66AA50F17F}
	EndGlobalSection
EndGlobal
